
Microsoft Visual Studio Solution File, Format Version 12.00
# Visual Studio Version 17
VisualStudioVersion = 17.3.32901.215
MinimumVisualStudioVersion = 10.0.40219.1
Project("{FAE04EC0-301F-11D3-BF4B-00C04F79EFBC}") = "ConverterApp", "ConverterApp\ConverterApp.csproj", "{851A34A7-C362-4167-9E19-F20795EC757B}"
EndProject
Global
	GlobalSection(SolutionConfigurationPlatforms) = preSolution
		Debug|Any CPU = Debug|Any CPU
		Release|Any CPU = Release|Any CPU
	EndGlobalSection
	GlobalSection(ProjectConfigurationPlatforms) = postSolution
		{851A34A7-C362-4167-9E19-F20795EC757B}.Debug|Any CPU.ActiveCfg = Debug|Any CPU
		{851A34A7-C362-4167-9E19-F20795EC757B}.Debug|Any CPU.Build.0 = Debug|Any CPU
		{851A34A7-C362-4167-9E19-F20795EC757B}.Release|Any CPU.ActiveCfg = Release|Any CPU
		{851A34A7-C362-4167-9E19-F20795EC757B}.Release|Any CPU.Build.0 = Release|Any CPU
	EndGlobalSection
	GlobalSection(SolutionProperties) = preSolution
		HideSolutionNode = FALSE
	EndGlobalSection
	GlobalSection(ExtensibilityGlobals) = postSolution
		SolutionGuid = {87769B6E-183F-446A-8DA9-C1E99F85E43C}
	EndGlobalSection
EndGlobal
